
Microsoft Visual Studio Solution File, Format Version 12.00
# Visual Studio Version 16
VisualStudioVersion = 16.0.29215.179
MinimumVisualStudioVersion = 10.0.40219.1
Project("{9A19103F-16F7-4668-BE54-9A1E7A4F7556}") = "Customers.WebApi", "Customer.WebApi\Customers.WebApi.csproj", "{22AEB016-E625-4ACC-98B9-3EBF69BDAB68}"
EndProject
Project("{2150E333-8FDC-42A3-9474-1A3956D46DE8}") = "Solution Items", "Solution Items", "{D27818D8-9924-420D-80D8-4B967204C295}"
	ProjectSection(SolutionItems) = preProject
		.editorconfig = .editorconfig
	EndProjectSection
EndProject
Project("{9A19103F-16F7-4668-BE54-9A1E7A4F7556}") = "Customers.Persistence", "Customer.Persistence\Customers.Persistence.csproj", "{038E7897-2D85-4BCF-8519-2C4087C3F3DD}"
EndProject
Project("{FAE04EC0-301F-11D3-BF4B-00C04F79EFBC}") = "Customers.Tests", "Customers.Tests\Customers.Tests.csproj", "{F088BE4F-65EC-4F8E-B014-356D7A8658F3}"
EndProject
Global
	GlobalSection(SolutionConfigurationPlatforms) = preSolution
		Debug|Any CPU = Debug|Any CPU
		Release|Any CPU = Release|Any CPU
	EndGlobalSection
	GlobalSection(ProjectConfigurationPlatforms) = postSolution
		{22AEB016-E625-4ACC-98B9-3EBF69BDAB68}.Debug|Any CPU.ActiveCfg = Debug|Any CPU
		{22AEB016-E625-4ACC-98B9-3EBF69BDAB68}.Debug|Any CPU.Build.0 = Debug|Any CPU
		{22AEB016-E625-4ACC-98B9-3EBF69BDAB68}.Release|Any CPU.ActiveCfg = Release|Any CPU
		{22AEB016-E625-4ACC-98B9-3EBF69BDAB68}.Release|Any CPU.Build.0 = Release|Any CPU
		{038E7897-2D85-4BCF-8519-2C4087C3F3DD}.Debug|Any CPU.ActiveCfg = Debug|Any CPU
		{038E7897-2D85-4BCF-8519-2C4087C3F3DD}.Debug|Any CPU.Build.0 = Debug|Any CPU
		{038E7897-2D85-4BCF-8519-2C4087C3F3DD}.Release|Any CPU.ActiveCfg = Release|Any CPU
		{038E7897-2D85-4BCF-8519-2C4087C3F3DD}.Release|Any CPU.Build.0 = Release|Any CPU
		{F088BE4F-65EC-4F8E-B014-356D7A8658F3}.Debug|Any CPU.ActiveCfg = Debug|Any CPU
		{F088BE4F-65EC-4F8E-B014-356D7A8658F3}.Debug|Any CPU.Build.0 = Debug|Any CPU
		{F088BE4F-65EC-4F8E-B014-356D7A8658F3}.Release|Any CPU.ActiveCfg = Release|Any CPU
		{F088BE4F-65EC-4F8E-B014-356D7A8658F3}.Release|Any CPU.Build.0 = Release|Any CPU
	EndGlobalSection
	GlobalSection(SolutionProperties) = preSolution
		HideSolutionNode = FALSE
	EndGlobalSection
	GlobalSection(ExtensibilityGlobals) = postSolution
		SolutionGuid = {4F99BAA4-6C9D-4702-BC8A-5A32FA8F96A8}
	EndGlobalSection
EndGlobal
